// !$*UTF8*$!
{
	archiveVersion = 1;
	classes = {
	};
	objectVersion = 77;
	objects = {

/* Begin PBXBuildFile section */
		01E379B9FE9661150F06A5A9 /* MarkdownHTMLRenderer.swift in Sources */ = {isa = PBXBuildFile; fileRef = 061C7A72835182F5A8195427 /* MarkdownHTMLRenderer.swift */; };
		128548426913F7682AE2435A /* MarkdownLibrarySupport.swift in Sources */ = {isa = PBXBuildFile; fileRef = 2FE624065FCA2C6AEBDDF9FF /* MarkdownLibrarySupport.swift */; };
		21C5E0DC730A5BE3C724F129 /* AppViewModel+Library.swift in Sources */ = {isa = PBXBuildFile; fileRef = A135BF77C631720C0BA99815 /* AppViewModel+Library.swift */; };
		24597CA3ACB2DF62EB6EE907 /* deep_dive.md in Resources */ = {isa = PBXBuildFile; fileRef = 19D243FEDB3C499EE19C4C86 /* deep_dive.md */; };
		34EAC8F20AD1463C99624830 /* MarkdownViewerModels.swift in Sources */ = {isa = PBXBuildFile; fileRef = 969DF2E8D65293F9FD306F6F /* MarkdownViewerModels.swift */; };
		47DDF6844D0C3EA3039704AF /* MarkdownWebPreview.swift in Sources */ = {isa = PBXBuildFile; fileRef = 62479DED91BFD364BA718C5D /* MarkdownWebPreview.swift */; };
		4CB3CE43242A52775577B1F3 /* AppViewModel+Actions.swift in Sources */ = {isa = PBXBuildFile; fileRef = 6BE0F8A41D1D7D8E926C99DF /* AppViewModel+Actions.swift */; };
		4CE81BDCA9E7E698C939B8C5 /* MarkdownViewerNativeUITests.swift in Sources */ = {isa = PBXBuildFile; fileRef = F6299ECB82189104E362A730 /* MarkdownViewerNativeUITests.swift */; };
		63BA93DA68F9E9E70F03B2D3 /* HTMLPreviewRenderer.swift in Sources */ = {isa = PBXBuildFile; fileRef = 0559B33C47A66BBE512C25CB /* HTMLPreviewRenderer.swift */; };
		6853F3031C0AAD999878C394 /* MarkdownViewerApp.swift in Sources */ = {isa = PBXBuildFile; fileRef = C24ECCECA27F92D1A6A1ADE7 /* MarkdownViewerApp.swift */; };
		6D999915ACE074DB631F3D06 /* MarkdownViewerViews.swift in Sources */ = {isa = PBXBuildFile; fileRef = 7263F6F71806B88BDE7782D6 /* MarkdownViewerViews.swift */; };
		80F1C76295DEB37D5AE589FF /* notes.md in Resources */ = {isa = PBXBuildFile; fileRef = 80B2AE96C60F1E14EE68EF8B /* notes.md */; };
		9A9EE91BB94A4B086E1CA60E /* AppViewModel+Persistence.swift in Sources */ = {isa = PBXBuildFile; fileRef = 0AC3A8BE016CCDD19F1411BE /* AppViewModel+Persistence.swift */; };
		A3AE7C6A52EDA364B58BC16F /* AppViewModel.swift in Sources */ = {isa = PBXBuildFile; fileRef = 1D7AF8265E81869FB4687DFE /* AppViewModel.swift */; };
		A4DAF13F23EB1EBA032929AB /* cmark-gfm-extensions in Frameworks */ = {isa = PBXBuildFile; productRef = 20854B70B8C1631C3F438DB7 /* cmark-gfm-extensions */; };
		DECDB42B400736BF2CD1A5FA /* cmark-gfm in Frameworks */ = {isa = PBXBuildFile; productRef = 774FE48F60B899292752DBF1 /* cmark-gfm */; };
		F9B2BAFC0841908FC331F4C8 /* Assets.xcassets in Resources */ = {isa = PBXBuildFile; fileRef = CEB92C4E1527803E823AB182 /* Assets.xcassets */; };
/* End PBXBuildFile section */

/* Begin PBXContainerItemProxy section */
		91D3C2E22AF0D1BA5E5A83CA /* PBXContainerItemProxy */ = {
			isa = PBXContainerItemProxy;
			containerPortal = 6438C1D09A2F50914B09854F /* Project object */;
			proxyType = 1;
			remoteGlobalIDString = 3AAB6998EF1032D4A9775FB6;
			remoteInfo = MarkdownViewerNative;
		};
/* End PBXContainerItemProxy section */

/* Begin PBXFileReference section */
		0559B33C47A66BBE512C25CB /* HTMLPreviewRenderer.swift */ = {isa = PBXFileReference; lastKnownFileType = sourcecode.swift; path = HTMLPreviewRenderer.swift; sourceTree = "<group>"; };
		061C7A72835182F5A8195427 /* MarkdownHTMLRenderer.swift */ = {isa = PBXFileReference; lastKnownFileType = sourcecode.swift; path = MarkdownHTMLRenderer.swift; sourceTree = "<group>"; };
		0AC3A8BE016CCDD19F1411BE /* AppViewModel+Persistence.swift */ = {isa = PBXFileReference; lastKnownFileType = sourcecode.swift; path = "AppViewModel+Persistence.swift"; sourceTree = "<group>"; };
		189DCE436C6EAADDDCE335F5 /* MarkdownViewerNativeUITests.xctest */ = {isa = PBXFileReference; explicitFileType = wrapper.cfbundle; includeInIndex = 0; path = MarkdownViewerNativeUITests.xctest; sourceTree = BUILT_PRODUCTS_DIR; };
		19D243FEDB3C499EE19C4C86 /* deep_dive.md */ = {isa = PBXFileReference; lastKnownFileType = net.daringfireball.markdown; path = deep_dive.md; sourceTree = "<group>"; };
		1D7AF8265E81869FB4687DFE /* AppViewModel.swift */ = {isa = PBXFileReference; lastKnownFileType = sourcecode.swift; path = AppViewModel.swift; sourceTree = "<group>"; };
		2FA7F28990827C39457B0638 /* Info.plist */ = {isa = PBXFileReference; lastKnownFileType = text.plist; path = Info.plist; sourceTree = "<group>"; };
		2FE624065FCA2C6AEBDDF9FF /* MarkdownLibrarySupport.swift */ = {isa = PBXFileReference; lastKnownFileType = sourcecode.swift; path = MarkdownLibrarySupport.swift; sourceTree = "<group>"; };
		48AE427F86F8565F935523A8 /* MarkdownViewerNative.app */ = {isa = PBXFileReference; explicitFileType = wrapper.application; includeInIndex = 0; path = MarkdownViewerNative.app; sourceTree = BUILT_PRODUCTS_DIR; };
		62479DED91BFD364BA718C5D /* MarkdownWebPreview.swift */ = {isa = PBXFileReference; lastKnownFileType = sourcecode.swift; path = MarkdownWebPreview.swift; sourceTree = "<group>"; };
		6BE0F8A41D1D7D8E926C99DF /* AppViewModel+Actions.swift */ = {isa = PBXFileReference; lastKnownFileType = sourcecode.swift; path = "AppViewModel+Actions.swift"; sourceTree = "<group>"; };
		7263F6F71806B88BDE7782D6 /* MarkdownViewerViews.swift */ = {isa = PBXFileReference; lastKnownFileType = sourcecode.swift; path = MarkdownViewerViews.swift; sourceTree = "<group>"; };
		80B2AE96C60F1E14EE68EF8B /* notes.md */ = {isa = PBXFileReference; lastKnownFileType = net.daringfireball.markdown; path = notes.md; sourceTree = "<group>"; };
		969DF2E8D65293F9FD306F6F /* MarkdownViewerModels.swift */ = {isa = PBXFileReference; lastKnownFileType = sourcecode.swift; path = MarkdownViewerModels.swift; sourceTree = "<group>"; };
		A135BF77C631720C0BA99815 /* AppViewModel+Library.swift */ = {isa = PBXFileReference; lastKnownFileType = sourcecode.swift; path = "AppViewModel+Library.swift"; sourceTree = "<group>"; };
		C24ECCECA27F92D1A6A1ADE7 /* MarkdownViewerApp.swift */ = {isa = PBXFileReference; lastKnownFileType = sourcecode.swift; path = MarkdownViewerApp.swift; sourceTree = "<group>"; };
		CEB92C4E1527803E823AB182 /* Assets.xcassets */ = {isa = PBXFileReference; lastKnownFileType = folder.assetcatalog; path = Assets.xcassets; sourceTree = "<group>"; };
		F6299ECB82189104E362A730 /* MarkdownViewerNativeUITests.swift */ = {isa = PBXFileReference; lastKnownFileType = sourcecode.swift; path = MarkdownViewerNativeUITests.swift; sourceTree = "<group>"; };
/* End PBXFileReference section */

/* Begin PBXFrameworksBuildPhase section */
		8E61DB05018DC2FFFCC90142 /* Frameworks */ = {
			isa = PBXFrameworksBuildPhase;
			buildActionMask = 2147483647;
			files = (
				DECDB42B400736BF2CD1A5FA /* cmark-gfm in Frameworks */,
				A4DAF13F23EB1EBA032929AB /* cmark-gfm-extensions in Frameworks */,
			);
			runOnlyForDeploymentPostprocessing = 0;
		};
/* End PBXFrameworksBuildPhase section */

/* Begin PBXGroup section */
		0A1E8BF8A5E1492643052D54 /* Views */ = {
			isa = PBXGroup;
			children = (
				7263F6F71806B88BDE7782D6 /* MarkdownViewerViews.swift */,
			);
			path = Views;
			sourceTree = "<group>";
		};
		1443B507672A0653228F106C /* Products */ = {
			isa = PBXGroup;
			children = (
				48AE427F86F8565F935523A8 /* MarkdownViewerNative.app */,
				189DCE436C6EAADDDCE335F5 /* MarkdownViewerNativeUITests.xctest */,
			);
			name = Products;
			sourceTree = "<group>";
		};
		691535563A4BAA5194F49E68 /* App */ = {
			isa = PBXGroup;
			children = (
				C24ECCECA27F92D1A6A1ADE7 /* MarkdownViewerApp.swift */,
			);
			path = App;
			sourceTree = "<group>";
		};
		827D42A014C6447A1C5C6079 /* MarkdownViewerNativeUITests */ = {
			isa = PBXGroup;
			children = (
				F6299ECB82189104E362A730 /* MarkdownViewerNativeUITests.swift */,
				E08B0E6FC53DE343C1153B42 /* Fixtures */,
			);
			name = MarkdownViewerNativeUITests;
			path = Tests/MarkdownViewerNativeUITests;
			sourceTree = "<group>";
		};
		82C08B11DCDF20C367EA7332 /* ViewModel */ = {
			isa = PBXGroup;
			children = (
				1D7AF8265E81869FB4687DFE /* AppViewModel.swift */,
				6BE0F8A41D1D7D8E926C99DF /* AppViewModel+Actions.swift */,
				A135BF77C631720C0BA99815 /* AppViewModel+Library.swift */,
				0AC3A8BE016CCDD19F1411BE /* AppViewModel+Persistence.swift */,
			);
			path = ViewModel;
			sourceTree = "<group>";
		};
		8BD06DA1750BC9AAE7411534 /* Preview */ = {
			isa = PBXGroup;
			children = (
				0559B33C47A66BBE512C25CB /* HTMLPreviewRenderer.swift */,
				061C7A72835182F5A8195427 /* MarkdownHTMLRenderer.swift */,
				62479DED91BFD364BA718C5D /* MarkdownWebPreview.swift */,
			);
			path = Preview;
			sourceTree = "<group>";
		};
		8D1DD9445A5FE28EE16CF826 /* Support */ = {
			isa = PBXGroup;
			children = (
				2FE624065FCA2C6AEBDDF9FF /* MarkdownLibrarySupport.swift */,
				969DF2E8D65293F9FD306F6F /* MarkdownViewerModels.swift */,
			);
			path = Support;
			sourceTree = "<group>";
		};
		9E47ECB169341A6E07E1A070 /* Library */ = {
			isa = PBXGroup;
			children = (
				80B2AE96C60F1E14EE68EF8B /* notes.md */,
				A717625F0534658807627DAE /* guides */,
			);
			path = Library;
			sourceTree = "<group>";
		};
		A717625F0534658807627DAE /* guides */ = {
			isa = PBXGroup;
			children = (
				19D243FEDB3C499EE19C4C86 /* deep_dive.md */,
			);
			path = guides;
			sourceTree = "<group>";
		};
		C312A791C2AE24057ACA3931 /* MarkdownViewerNative */ = {
			isa = PBXGroup;
			children = (
				CEB92C4E1527803E823AB182 /* Assets.xcassets */,
				2FA7F28990827C39457B0638 /* Info.plist */,
				691535563A4BAA5194F49E68 /* App */,
				8BD06DA1750BC9AAE7411534 /* Preview */,
				8D1DD9445A5FE28EE16CF826 /* Support */,
				82C08B11DCDF20C367EA7332 /* ViewModel */,
				0A1E8BF8A5E1492643052D54 /* Views */,
			);
			name = MarkdownViewerNative;
			path = Sources/MarkdownViewerNative;
			sourceTree = "<group>";
		};
		E08B0E6FC53DE343C1153B42 /* Fixtures */ = {
			isa = PBXGroup;
			children = (
				9E47ECB169341A6E07E1A070 /* Library */,
			);
			path = Fixtures;
			sourceTree = "<group>";
		};
		FFC29F93E38473B858D49035 = {
			isa = PBXGroup;
			children = (
				C312A791C2AE24057ACA3931 /* MarkdownViewerNative */,
				827D42A014C6447A1C5C6079 /* MarkdownViewerNativeUITests */,
				1443B507672A0653228F106C /* Products */,
			);
			sourceTree = "<group>";
		};
/* End PBXGroup section */

/* Begin PBXNativeTarget section */
		3AAB6998EF1032D4A9775FB6 /* MarkdownViewerNative */ = {
			isa = PBXNativeTarget;
			buildConfigurationList = BEDFA454D45AE4FD5366CB4A /* Build configuration list for PBXNativeTarget "MarkdownViewerNative" */;
			buildPhases = (
				3C020CC624A80E83A431AD14 /* Sources */,
				6E0B102E9B70F3A4DB4D4D03 /* Resources */,
				8E61DB05018DC2FFFCC90142 /* Frameworks */,
			);
			buildRules = (
			);
			dependencies = (
			);
			name = MarkdownViewerNative;
			packageProductDependencies = (
				774FE48F60B899292752DBF1 /* cmark-gfm */,
				20854B70B8C1631C3F438DB7 /* cmark-gfm-extensions */,
			);
			productName = MarkdownViewerNative;
			productReference = 48AE427F86F8565F935523A8 /* MarkdownViewerNative.app */;
			productType = "com.apple.product-type.application";
		};
		BA46240734E7F03D2443639D /* MarkdownViewerNativeUITests */ = {
			isa = PBXNativeTarget;
			buildConfigurationList = 390CDF7065EC3FEA530A3DFD /* Build configuration list for PBXNativeTarget "MarkdownViewerNativeUITests" */;
			buildPhases = (
				CE24580E142FDA69B1746315 /* Sources */,
				5BE5E1332AB9F6AC45B6E3C8 /* Resources */,
			);
			buildRules = (
			);
			dependencies = (
				BC21A27D6372E9488FA74887 /* PBXTargetDependency */,
			);
			name = MarkdownViewerNativeUITests;
			packageProductDependencies = (
			);
			productName = MarkdownViewerNativeUITests;
			productReference = 189DCE436C6EAADDDCE335F5 /* MarkdownViewerNativeUITests.xctest */;
			productType = "com.apple.product-type.bundle.ui-testing";
		};
/* End PBXNativeTarget section */

/* Begin PBXProject section */
		6438C1D09A2F50914B09854F /* Project object */ = {
			isa = PBXProject;
			attributes = {
				BuildIndependentTargetsInParallel = YES;
				LastUpgradeCheck = 1430;
				TargetAttributes = {
					3AAB6998EF1032D4A9775FB6 = {
						ProvisioningStyle = Automatic;
					};
					BA46240734E7F03D2443639D = {
						ProvisioningStyle = Automatic;
						TestTargetID = 3AAB6998EF1032D4A9775FB6;
					};
				};
			};
			buildConfigurationList = 3321D50293B0841897CD9527 /* Build configuration list for PBXProject "MarkdownViewerNative" */;
			developmentRegion = en;
			hasScannedForEncodings = 0;
			knownRegions = (
				Base,
				en,
			);
			mainGroup = FFC29F93E38473B858D49035;
			minimizedProjectReferenceProxies = 1;
			packageReferences = (
				287E516D037B1035856F230B /* XCRemoteSwiftPackageReference "swift-cmark" */,
			);
			preferredProjectObjectVersion = 77;
			productRefGroup = 1443B507672A0653228F106C /* Products */;
			projectDirPath = "";
			projectRoot = "";
			targets = (
				3AAB6998EF1032D4A9775FB6 /* MarkdownViewerNative */,
				BA46240734E7F03D2443639D /* MarkdownViewerNativeUITests */,
			);
		};
/* End PBXProject section */

/* Begin PBXResourcesBuildPhase section */
		5BE5E1332AB9F6AC45B6E3C8 /* Resources */ = {
			isa = PBXResourcesBuildPhase;
			buildActionMask = 2147483647;
			files = (
				24597CA3ACB2DF62EB6EE907 /* deep_dive.md in Resources */,
				80F1C76295DEB37D5AE589FF /* notes.md in Resources */,
			);
			runOnlyForDeploymentPostprocessing = 0;
		};
		6E0B102E9B70F3A4DB4D4D03 /* Resources */ = {
			isa = PBXResourcesBuildPhase;
			buildActionMask = 2147483647;
			files = (
				F9B2BAFC0841908FC331F4C8 /* Assets.xcassets in Resources */,
			);
			runOnlyForDeploymentPostprocessing = 0;
		};
/* End PBXResourcesBuildPhase section */

/* Begin PBXSourcesBuildPhase section */
		3C020CC624A80E83A431AD14 /* Sources */ = {
			isa = PBXSourcesBuildPhase;
			buildActionMask = 2147483647;
			files = (
				4CB3CE43242A52775577B1F3 /* AppViewModel+Actions.swift in Sources */,
				21C5E0DC730A5BE3C724F129 /* AppViewModel+Library.swift in Sources */,
				9A9EE91BB94A4B086E1CA60E /* AppViewModel+Persistence.swift in Sources */,
				A3AE7C6A52EDA364B58BC16F /* AppViewModel.swift in Sources */,
				63BA93DA68F9E9E70F03B2D3 /* HTMLPreviewRenderer.swift in Sources */,
				01E379B9FE9661150F06A5A9 /* MarkdownHTMLRenderer.swift in Sources */,
				128548426913F7682AE2435A /* MarkdownLibrarySupport.swift in Sources */,
				6853F3031C0AAD999878C394 /* MarkdownViewerApp.swift in Sources */,
				34EAC8F20AD1463C99624830 /* MarkdownViewerModels.swift in Sources */,
				6D999915ACE074DB631F3D06 /* MarkdownViewerViews.swift in Sources */,
				47DDF6844D0C3EA3039704AF /* MarkdownWebPreview.swift in Sources */,
			);
			runOnlyForDeploymentPostprocessing = 0;
		};
		CE24580E142FDA69B1746315 /* Sources */ = {
			isa = PBXSourcesBuildPhase;
			buildActionMask = 2147483647;
			files = (
				4CE81BDCA9E7E698C939B8C5 /* MarkdownViewerNativeUITests.swift in Sources */,
			);
			runOnlyForDeploymentPostprocessing = 0;
		};
/* End PBXSourcesBuildPhase section */

/* Begin PBXTargetDependency section */
		BC21A27D6372E9488FA74887 /* PBXTargetDependency */ = {
			isa = PBXTargetDependency;
			target = 3AAB6998EF1032D4A9775FB6 /* MarkdownViewerNative */;
			targetProxy = 91D3C2E22AF0D1BA5E5A83CA /* PBXContainerItemProxy */;
		};
/* End PBXTargetDependency section */

/* Begin XCBuildConfiguration section */
		2BB431D297C2A54D9B0F2ED4 /* Debug */ = {
			isa = XCBuildConfiguration;
			buildSettings = {
				BUNDLE_LOADER = "$(TEST_HOST)";
				COMBINE_HIDPI_IMAGES = YES;
				LD_RUNPATH_SEARCH_PATHS = (
					"$(inherited)",
					"@executable_path/Frameworks",
					"@loader_path/Frameworks",
				);
				SDKROOT = macosx;
				TEST_TARGET_NAME = MarkdownViewerNative;
			};
			name = Debug;
		};
		3463A86F8EA9E9E05CA7C2FC /* Debug */ = {
			isa = XCBuildConfiguration;
			buildSettings = {
				ALWAYS_SEARCH_USER_PATHS = NO;
				ASSETCATALOG_COMPILER_APPICON_NAME = AppIcon;
				CLANG_ANALYZER_NONNULL = YES;
				CLANG_ANALYZER_NUMBER_OBJECT_CONVERSION = YES_AGGRESSIVE;
				CLANG_CXX_LANGUAGE_STANDARD = "gnu++14";
				CLANG_CXX_LIBRARY = "libc++";
				CLANG_ENABLE_MODULES = YES;
				CLANG_ENABLE_OBJC_ARC = YES;
				CLANG_ENABLE_OBJC_WEAK = YES;
				CLANG_WARN_BLOCK_CAPTURE_AUTORELEASING = YES;
				CLANG_WARN_BOOL_CONVERSION = YES;
				CLANG_WARN_COMMA = YES;
				CLANG_WARN_CONSTANT_CONVERSION = YES;
				CLANG_WARN_DEPRECATED_OBJC_IMPLEMENTATIONS = YES;
				CLANG_WARN_DIRECT_OBJC_ISA_USAGE = YES_ERROR;
				CLANG_WARN_DOCUMENTATION_COMMENTS = YES;
				CLANG_WARN_EMPTY_BODY = YES;
				CLANG_WARN_ENUM_CONVERSION = YES;
				CLANG_WARN_INFINITE_RECURSION = YES;
				CLANG_WARN_INT_CONVERSION = YES;
				CLANG_WARN_NON_LITERAL_NULL_CONVERSION = YES;
				CLANG_WARN_OBJC_IMPLICIT_RETAIN_SELF = YES;
				CLANG_WARN_OBJC_LITERAL_CONVERSION = YES;
				CLANG_WARN_OBJC_ROOT_CLASS = YES_ERROR;
				CLANG_WARN_QUOTED_INCLUDE_IN_FRAMEWORK_HEADER = YES;
				CLANG_WARN_RANGE_LOOP_ANALYSIS = YES;
				CLANG_WARN_STRICT_PROTOTYPES = YES;
				CLANG_WARN_SUSPICIOUS_MOVE = YES;
				CLANG_WARN_UNGUARDED_AVAILABILITY = YES_AGGRESSIVE;
				CLANG_WARN_UNREACHABLE_CODE = YES;
				CLANG_WARN__DUPLICATE_METHOD_MATCH = YES;
				CODE_SIGN_STYLE = Automatic;
				COPY_PHASE_STRIP = NO;
				DEBUG_INFORMATION_FORMAT = dwarf;
				ENABLE_STRICT_OBJC_MSGSEND = YES;
				ENABLE_TESTABILITY = YES;
				GCC_C_LANGUAGE_STANDARD = gnu11;
				GCC_DYNAMIC_NO_PIC = NO;
				GCC_NO_COMMON_BLOCKS = YES;
				GCC_OPTIMIZATION_LEVEL = 0;
				GCC_PREPROCESSOR_DEFINITIONS = (
					"$(inherited)",
					"DEBUG=1",
				);
				GCC_WARN_64_TO_32_BIT_CONVERSION = YES;
				GCC_WARN_ABOUT_RETURN_TYPE = YES_ERROR;
				GCC_WARN_UNDECLARED_SELECTOR = YES;
				GCC_WARN_UNINITIALIZED_AUTOS = YES_AGGRESSIVE;
				GCC_WARN_UNUSED_FUNCTION = YES;
				GCC_WARN_UNUSED_VARIABLE = YES;
				GENERATE_INFOPLIST_FILE = NO;
				INFOPLIST_FILE = Sources/MarkdownViewerNative/Info.plist;
				MACOSX_DEPLOYMENT_TARGET = 26.0;
				MTL_ENABLE_DEBUG_INFO = INCLUDE_SOURCE;
				MTL_FAST_MATH = YES;
				ONLY_ACTIVE_ARCH = YES;
				PRODUCT_BUNDLE_IDENTIFIER = com.meik.MarkdownViewerNative;
				PRODUCT_NAME = "Markdown Viewer";
				SDKROOT = macosx;
				SWIFT_ACTIVE_COMPILATION_CONDITIONS = DEBUG;
				SWIFT_OPTIMIZATION_LEVEL = "-Onone";
				SWIFT_VERSION = 6.0;
			};
			name = Debug;
		};
		4BD1D3DE40D0D11EC5D6178F /* Debug */ = {
			isa = XCBuildConfiguration;
			buildSettings = {
				ASSETCATALOG_COMPILER_APPICON_NAME = AppIcon;
				COMBINE_HIDPI_IMAGES = YES;
				INFOPLIST_FILE = Sources/MarkdownViewerNative/Info.plist;
				LD_RUNPATH_SEARCH_PATHS = (
					"$(inherited)",
					"@executable_path/../Frameworks",
				);
				PRODUCT_MODULE_NAME = MarkdownViewerNative;
				SDKROOT = macosx;
				SWIFT_EMIT_LOC_STRINGS = NO;
			};
			name = Debug;
		};
		54245DE99900E6B173C1DD83 /* Release */ = {
			isa = XCBuildConfiguration;
			buildSettings = {
				ALWAYS_SEARCH_USER_PATHS = NO;
				ASSETCATALOG_COMPILER_APPICON_NAME = AppIcon;
				CLANG_ANALYZER_NONNULL = YES;
				CLANG_ANALYZER_NUMBER_OBJECT_CONVERSION = YES_AGGRESSIVE;
				CLANG_CXX_LANGUAGE_STANDARD = "gnu++14";
				CLANG_CXX_LIBRARY = "libc++";
				CLANG_ENABLE_MODULES = YES;
				CLANG_ENABLE_OBJC_ARC = YES;
				CLANG_ENABLE_OBJC_WEAK = YES;
				CLANG_WARN_BLOCK_CAPTURE_AUTORELEASING = YES;
				CLANG_WARN_BOOL_CONVERSION = YES;
				CLANG_WARN_COMMA = YES;
				CLANG_WARN_CONSTANT_CONVERSION = YES;
				CLANG_WARN_DEPRECATED_OBJC_IMPLEMENTATIONS = YES;
				CLANG_WARN_DIRECT_OBJC_ISA_USAGE = YES_ERROR;
				CLANG_WARN_DOCUMENTATION_COMMENTS = YES;
				CLANG_WARN_EMPTY_BODY = YES;
				CLANG_WARN_ENUM_CONVERSION = YES;
				CLANG_WARN_INFINITE_RECURSION = YES;
				CLANG_WARN_INT_CONVERSION = YES;
				CLANG_WARN_NON_LITERAL_NULL_CONVERSION = YES;
				CLANG_WARN_OBJC_IMPLICIT_RETAIN_SELF = YES;
				CLANG_WARN_OBJC_LITERAL_CONVERSION = YES;
				CLANG_WARN_OBJC_ROOT_CLASS = YES_ERROR;
				CLANG_WARN_QUOTED_INCLUDE_IN_FRAMEWORK_HEADER = YES;
				CLANG_WARN_RANGE_LOOP_ANALYSIS = YES;
				CLANG_WARN_STRICT_PROTOTYPES = YES;
				CLANG_WARN_SUSPICIOUS_MOVE = YES;
				CLANG_WARN_UNGUARDED_AVAILABILITY = YES_AGGRESSIVE;
				CLANG_WARN_UNREACHABLE_CODE = YES;
				CLANG_WARN__DUPLICATE_METHOD_MATCH = YES;
				CODE_SIGN_STYLE = Automatic;
				COPY_PHASE_STRIP = NO;
				DEBUG_INFORMATION_FORMAT = "dwarf-with-dsym";
				ENABLE_NS_ASSERTIONS = NO;
				ENABLE_STRICT_OBJC_MSGSEND = YES;
				GCC_C_LANGUAGE_STANDARD = gnu11;
				GCC_NO_COMMON_BLOCKS = YES;
				GCC_WARN_64_TO_32_BIT_CONVERSION = YES;
				GCC_WARN_ABOUT_RETURN_TYPE = YES_ERROR;
				GCC_WARN_UNDECLARED_SELECTOR = YES;
				GCC_WARN_UNINITIALIZED_AUTOS = YES_AGGRESSIVE;
				GCC_WARN_UNUSED_FUNCTION = YES;
				GCC_WARN_UNUSED_VARIABLE = YES;
				GENERATE_INFOPLIST_FILE = NO;
				INFOPLIST_FILE = Sources/MarkdownViewerNative/Info.plist;
				MACOSX_DEPLOYMENT_TARGET = 26.0;
				MTL_ENABLE_DEBUG_INFO = NO;
				MTL_FAST_MATH = YES;
				PRODUCT_BUNDLE_IDENTIFIER = com.meik.MarkdownViewerNative;
				PRODUCT_NAME = "Markdown Viewer";
				SDKROOT = macosx;
				SWIFT_COMPILATION_MODE = wholemodule;
				SWIFT_OPTIMIZATION_LEVEL = "-O";
				SWIFT_VERSION = 6.0;
			};
			name = Release;
		};
		A7E590DAAA0D791315C4C6DA /* Release */ = {
			isa = XCBuildConfiguration;
			buildSettings = {
				ASSETCATALOG_COMPILER_APPICON_NAME = AppIcon;
				COMBINE_HIDPI_IMAGES = YES;
				INFOPLIST_FILE = Sources/MarkdownViewerNative/Info.plist;
				LD_RUNPATH_SEARCH_PATHS = (
					"$(inherited)",
					"@executable_path/../Frameworks",
				);
				PRODUCT_MODULE_NAME = MarkdownViewerNative;
				SDKROOT = macosx;
				SWIFT_EMIT_LOC_STRINGS = NO;
			};
			name = Release;
		};
		DF7198DA64E8620FEDD00ED4 /* Release */ = {
			isa = XCBuildConfiguration;
			buildSettings = {
				BUNDLE_LOADER = "$(TEST_HOST)";
				COMBINE_HIDPI_IMAGES = YES;
				LD_RUNPATH_SEARCH_PATHS = (
					"$(inherited)",
					"@executable_path/Frameworks",
					"@loader_path/Frameworks",
				);
				SDKROOT = macosx;
				TEST_TARGET_NAME = MarkdownViewerNative;
			};
			name = Release;
		};
/* End XCBuildConfiguration section */

/* Begin XCConfigurationList section */
		3321D50293B0841897CD9527 /* Build configuration list for PBXProject "MarkdownViewerNative" */ = {
			isa = XCConfigurationList;
			buildConfigurations = (
				3463A86F8EA9E9E05CA7C2FC /* Debug */,
				54245DE99900E6B173C1DD83 /* Release */,
			);
			defaultConfigurationIsVisible = 0;
			defaultConfigurationName = Debug;
		};
		390CDF7065EC3FEA530A3DFD /* Build configuration list for PBXNativeTarget "MarkdownViewerNativeUITests" */ = {
			isa = XCConfigurationList;
			buildConfigurations = (
				2BB431D297C2A54D9B0F2ED4 /* Debug */,
				DF7198DA64E8620FEDD00ED4 /* Release */,
			);
			defaultConfigurationIsVisible = 0;
			defaultConfigurationName = Debug;
		};
		BEDFA454D45AE4FD5366CB4A /* Build configuration list for PBXNativeTarget "MarkdownViewerNative" */ = {
			isa = XCConfigurationList;
			buildConfigurations = (
				4BD1D3DE40D0D11EC5D6178F /* Debug */,
				A7E590DAAA0D791315C4C6DA /* Release */,
			);
			defaultConfigurationIsVisible = 0;
			defaultConfigurationName = Debug;
		};
/* End XCConfigurationList section */

/* Begin XCRemoteSwiftPackageReference section */
		287E516D037B1035856F230B /* XCRemoteSwiftPackageReference "swift-cmark" */ = {
			isa = XCRemoteSwiftPackageReference;
			repositoryURL = "https://github.com/swiftlang/swift-cmark";
			requirement = {
				kind = upToNextMajorVersion;
				minimumVersion = 0.7.1;
			};
		};
/* End XCRemoteSwiftPackageReference section */

/* Begin XCSwiftPackageProductDependency section */
		20854B70B8C1631C3F438DB7 /* cmark-gfm-extensions */ = {
			isa = XCSwiftPackageProductDependency;
			package = 287E516D037B1035856F230B /* XCRemoteSwiftPackageReference "swift-cmark" */;
			productName = "cmark-gfm-extensions";
		};
		774FE48F60B899292752DBF1 /* cmark-gfm */ = {
			isa = XCSwiftPackageProductDependency;
			package = 287E516D037B1035856F230B /* XCRemoteSwiftPackageReference "swift-cmark" */;
			productName = "cmark-gfm";
		};
/* End XCSwiftPackageProductDependency section */
	};
	rootObject = 6438C1D09A2F50914B09854F /* Project object */;
}
